
Microsoft Visual Studio Solution File, Format Version 12.00
# Visual Studio Version 17
VisualStudioVersion = 17.8.34525.116
MinimumVisualStudioVersion = 10.0.40219.1
Project("{FAE04EC0-301F-11D3-BF4B-00C04F79EFBC}") = "EasyBlogNet", "EasyBlogNet\EasyBlogNet.csproj", "{518B2384-AE64-41E2-8673-C8E8CF2D816D}"
EndProject
Global
	GlobalSection(SolutionConfigurationPlatforms) = preSolution
		Debug|Any CPU = Debug|Any CPU
		Release|Any CPU = Release|Any CPU
	EndGlobalSection
	GlobalSection(ProjectConfigurationPlatforms) = postSolution
		{518B2384-AE64-41E2-8673-C8E8CF2D816D}.Debug|Any CPU.ActiveCfg = Debug|Any CPU
		{518B2384-AE64-41E2-8673-C8E8CF2D816D}.Debug|Any CPU.Build.0 = Debug|Any CPU
		{518B2384-AE64-41E2-8673-C8E8CF2D816D}.Release|Any CPU.ActiveCfg = Release|Any CPU
		{518B2384-AE64-41E2-8673-C8E8CF2D816D}.Release|Any CPU.Build.0 = Release|Any CPU
	EndGlobalSection
	GlobalSection(SolutionProperties) = preSolution
		HideSolutionNode = FALSE
	EndGlobalSection
	GlobalSection(ExtensibilityGlobals) = postSolution
		SolutionGuid = {AED8AFF3-9C32-406E-9C9E-B5C982E60124}
	EndGlobalSection
EndGlobal
